
Microsoft Visual Studio Solution File, Format Version 12.00
# Visual Studio 15
VisualStudioVersion = 15.0.28307.168
MinimumVisualStudioVersion = 10.0.40219.1
Project("{FAE04EC0-301F-11D3-BF4B-00C04F79EFBC}") = "PostalovTeam", "PostalovTeam\PostalovTeam.csproj", "{B019BC32-5C87-4AC2-B0E3-500E2B441F05}"
EndProject
Global
	GlobalSection(SolutionConfigurationPlatforms) = preSolution
		Debug|Any CPU = Debug|Any CPU
		Release|Any CPU = Release|Any CPU
	EndGlobalSection
	GlobalSection(ProjectConfigurationPlatforms) = postSolution
		{B019BC32-5C87-4AC2-B0E3-500E2B441F05}.Debug|Any CPU.ActiveCfg = Debug|Any CPU
		{B019BC32-5C87-4AC2-B0E3-500E2B441F05}.Debug|Any CPU.Build.0 = Debug|Any CPU
		{B019BC32-5C87-4AC2-B0E3-500E2B441F05}.Release|Any CPU.ActiveCfg = Release|Any CPU
		{B019BC32-5C87-4AC2-B0E3-500E2B441F05}.Release|Any CPU.Build.0 = Release|Any CPU
	EndGlobalSection
	GlobalSection(SolutionProperties) = preSolution
		HideSolutionNode = FALSE
	EndGlobalSection
	GlobalSection(ExtensibilityGlobals) = postSolution
		SolutionGuid = {29D2C7E9-DD1F-4AD2-87D6-97C1DD3985C6}
	EndGlobalSection
EndGlobal
